<Solution>
  <Folder Name="/src/">
    <Project Path="src/BookStore.Api/BookStore.Api.csproj" />
    <Project Path="src/BookStore.Application/BookStore.Application.csproj" />
    <Project Path="src/BookStore.Domain/BookStore.Domain.csproj" />
    <Project Path="src/BookStore.Infrastructure/BookStore.Infrastructure.csproj" />
  </Folder>
  <Folder Name="/tests/">
    <Project Path="tests/BookStore.IntegrationTests/BookStore.IntegrationTests.csproj" />
    <Project Path="tests/BookStore.UnitTests/BookStore.UnitTests.csproj" />
  </Folder>
</Solution>
